<?xml version="1.0" encoding="utf-8"?>
<Project ToolsVersion="4.0" xmlns="http://schemas.microsoft.com/developer/msbuild/2003">
  <ItemGroup>
    <Filter Include="Source Files">
      <UniqueIdentifier>{4FC737F1-C7A5-4376-A066-2A32D752A2FF}</UniqueIdentifier>
      <Extensions>cpp;c;cc;cxx;c++;cppm;ixx;def;odl;idl;hpj;bat;asm;asmx</Extensions>
    </Filter>
    <Filter Include="Header Files">
      <UniqueIdentifier>{93995380-89BD-4b04-88EB-625FBE52EBFB}</UniqueIdentifier>
      <Extensions>h;hh;hpp;hxx;h++;hm;inl;inc;ipp;xsd</Extensions>
    </Filter>
    <Filter Include="Source Files\Resource Files">
      <UniqueIdentifier>{67DA6AB6-F800-4c08-8B7A-83BB121AAD01}</UniqueIdentifier>
      <Extensions>rc;ico;cur;bmp;dlg;rc2;rct;bin;rgs;gif;jpg;jpeg;jpe;resx;tiff;tif;png;wav;mfcribbon-ms</Extensions>
    </Filter>
    <Filter Include="Controls">
      <UniqueIdentifier>{f9010263-7c47-46da-8602-13cf93803298}</UniqueIdentifier>
    </Filter>
    <Filter Include="Source Files\Exception">
      <UniqueIdentifier>{af18b915-e61c-440c-b7e8-5cb0c3ef2022}</UniqueIdentifier>
    </Filter>
  </ItemGroup>
  <ItemGroup>
    <ClCompile Include="Main.cpp">
      <Filter>Source Files\Resource Files</Filter>
    </ClCompile>
    <ClCompile Include="Game.cpp">
      <Filter>Source Files\Resource Files</Filter>
    </ClCompile>
    <ClCompile Include="Menu.cpp">
      <Filter>Source Files\Resource Files</Filter>
    </ClCompile>
    <ClCompile Include="Player.cpp">
      <Filter>Source Files\Resource Files</Filter>
    </ClCompile>
    <ClCompile Include="Cell.cpp">
      <Filter>Source Files\Resource Files</Filter>
    </ClCompile>
    <ClCompile Include="Field.cpp">
      <Filter>Source Files\Resource Files</Filter>
    </ClCompile>
    <ClCompile Include="Input.cpp">
      <Filter>Source Files\Resource Files</Filter>
    </ClCompile>
    <ClCompile Include="MotionLogic.cpp">
      <Filter>Source Files\Resource Files</Filter>
    </ClCompile>
    <ClCompile Include="CellView.cpp">
      <Filter>Source Files\Resource Files</Filter>
    </ClCompile>
    <ClCompile Include="FieldView.cpp">
      <Filter>Source Files\Resource Files</Filter>
    </ClCompile>
    <ClCompile Include="Event.cpp">
      <Filter>Source Files\Resource Files</Filter>
    </ClCompile>
    <ClCompile Include="PowerUpEvent.cpp">
      <Filter>Source Files\Resource Files</Filter>
    </ClCompile>
    <ClCompile Include="DamageEvent.cpp">
      <Filter>Source Files\Resource Files</Filter>
    </ClCompile>
    <ClCompile Include="PlayerEvent.cpp">
      <Filter>Source Files\Resource Files</Filter>
    </ClCompile>
    <ClCompile Include="LoseEvent.cpp">
      <Filter>Source Files\Resource Files</Filter>
    </ClCompile>
    <ClCompile Include="GameEvent.cpp">
      <Filter>Source Files\Resource Files</Filter>
    </ClCompile>
    <ClCompile Include="GameLogic.cpp">
      <Filter>Source Files\Resource Files</Filter>
    </ClCompile>
    <ClCompile Include="FieldEvent.cpp">
      <Filter>Source Files\Resource Files</Filter>
    </ClCompile>
    <ClCompile Include="SpaceEvent.cpp">
      <Filter>Source Files\Resource Files</Filter>
    </ClCompile>
    <ClCompile Include="HealEvent.cpp">
      <Filter>Source Files\Resource Files</Filter>
    </ClCompile>
    <ClCompile Include="ObserverLevel.cpp">
      <Filter>Source Files\Resource Files</Filter>
    </ClCompile>
    <ClCompile Include="Message.cpp">
      <Filter>Source Files\Resource Files</Filter>
    </ClCompile>
    <ClCompile Include="Logger.cpp">
      <Filter>Source Files\Resource Files</Filter>
    </ClCompile>
    <ClCompile Include="Comands.cpp">
      <Filter>Source Files\Resource Files</Filter>
    </ClCompile>
    <ClCompile Include="CommandWin.cpp">
      <Filter>Source Files\Resource Files</Filter>
    </ClCompile>
    <ClCompile Include="CommandLose.cpp">
      <Filter>Source Files\Resource Files</Filter>
    </ClCompile>
    <ClCompile Include="CommandDamage.cpp">
      <Filter>Source Files\Resource Files</Filter>
    </ClCompile>
    <ClCompile Include="Level.cpp">
      <Filter>Source Files\Resource Files</Filter>
    </ClCompile>
    <ClCompile Include="LevelWarning.cpp">
      <Filter>Source Files\Resource Files</Filter>
    </ClCompile>
    <ClCompile Include="LevelInfo.cpp">
      <Filter>Source Files</Filter>
    </ClCompile>
    <ClCompile Include="MessageGame.cpp">
      <Filter>Source Files</Filter>
    </ClCompile>
    <ClCompile Include="MessageInfo.cpp">
      <Filter>Source Files</Filter>
    </ClCompile>
    <ClCompile Include="MessageWarning.cpp">
      <Filter>Source Files</Filter>
    </ClCompile>
    <ClCompile Include="Subject.cpp">
      <Filter>Source Files\Resource Files</Filter>
    </ClCompile>
    <ClCompile Include="LevelGame.cpp">
      <Filter>Source Files\Resource Files</Filter>
    </ClCompile>
    <ClCompile Include="WinEvent.cpp">
      <Filter>Source Files</Filter>
    </ClCompile>
    <ClCompile Include="LoggerConsole.cpp">
      <Filter>Source Files</Filter>
    </ClCompile>
    <ClCompile Include="LoggerFile.cpp">
      <Filter>Source Files</Filter>
    </ClCompile>
    <ClCompile Include="CommandNoMove.cpp">
      <Filter>Source Files</Filter>
    </ClCompile>
    <ClCompile Include="ComandConstructor.cpp">
      <Filter>Source Files</Filter>
    </ClCompile>
    <ClCompile Include="CommandHeal.cpp">
      <Filter>Source Files</Filter>
    </ClCompile>
    <ClCompile Include="CommandGameStart.cpp">
      <Filter>Source Files</Filter>
    </ClCompile>
    <ClCompile Include="CommandPowerUp.cpp">
      <Filter>Source Files</Filter>
    </ClCompile>
    <ClCompile Include="LogMenu.cpp">
      <Filter>Source Files</Filter>
    </ClCompile>
    <ClCompile Include="IReader.cpp">
      <Filter>Source Files</Filter>
    </ClCompile>
    <ClCompile Include="KeyboardReader.cpp">
      <Filter>Source Files</Filter>
    </ClCompile>
    <ClCompile Include="InputLevelGame.cpp">
      <Filter>Source Files\Resource Files</Filter>
    </ClCompile>
    <ClCompile Include="EasyLevel.cpp">
      <Filter>Source Files\Resource Files</Filter>
    </ClCompile>
    <ClCompile Include="LevelContext.cpp">
      <Filter>Source Files</Filter>
    </ClCompile>
    <ClCompile Include="HardLevel.cpp">
      <Filter>Source Files\Resource Files</Filter>
    </ClCompile>
    <ClCompile Include="FieldCheck.cpp">
      <Filter>Source Files</Filter>
    </ClCompile>
    <ClCompile Include="SaveData.cpp">
      <Filter>Source Files</Filter>
    </ClCompile>
    <ClCompile Include="LoadData.cpp">
      <Filter>Source Files</Filter>
    </ClCompile>
    <ClCompile Include="WrongTransaction.cpp">
      <Filter>Source Files\Resource Files</Filter>
    </ClCompile>
    <ClCompile Include="WrongData.cpp">
      <Filter>Source Files\Exception</Filter>
    </ClCompile>
    <ClCompile Include="WrongWriteFile.cpp">
      <Filter>Source Files\Exception</Filter>
    </ClCompile>
    <ClCompile Include="WrongReadFile.cpp">
      <Filter>Source Files\Exception</Filter>
    </ClCompile>
  </ItemGroup>
  <ItemGroup>
    <ClInclude Include="Game.h">
      <Filter>Header Files</Filter>
    </ClInclude>
    <ClInclude Include="Menu.h">
      <Filter>Header Files</Filter>
    </ClInclude>
    <ClInclude Include="Field.h">
      <Filter>Header Files</Filter>
    </ClInclude>
    <ClInclude Include="Cell.h">
      <Filter>Header Files</Filter>
    </ClInclude>
    <ClInclude Include="Player.h">
      <Filter>Header Files</Filter>
    </ClInclude>
    <ClInclude Include="Input.h">
      <Filter>Header Files</Filter>
    </ClInclude>
    <ClInclude Include="MotionLogic.h">
      <Filter>Header Files</Filter>
    </ClInclude>
    <ClInclude Include="CellView.h">
      <Filter>Header Files</Filter>
    </ClInclude>
    <ClInclude Include="FieldView.h">
      <Filter>Header Files</Filter>
    </ClInclude>
    <ClInclude Include="Event.h">
      <Filter>Header Files</Filter>
    </ClInclude>
    <ClInclude Include="FieldEvent.h">
      <Filter>Header Files</Filter>
    </ClInclude>
    <ClInclude Include="DamageEvent.h">
      <Filter>Header Files</Filter>
    </ClInclude>
    <ClInclude Include="SpaceEvent.h">
      <Filter>Header Files</Filter>
    </ClInclude>
    <ClInclude Include="PlayerEvent.h">
      <Filter>Header Files</Filter>
    </ClInclude>
    <ClInclude Include="HealEvent.h">
      <Filter>Header Files</Filter>
    </ClInclude>
    <ClInclude Include="PowerUpEvent.h">
      <Filter>Header Files</Filter>
    </ClInclude>
    <ClInclude Include="LoseEvent.h">
      <Filter>Header Files</Filter>
    </ClInclude>
    <ClInclude Include="GameEvent.h">
      <Filter>Header Files</Filter>
    </ClInclude>
    <ClInclude Include="GameLogic.h">
      <Filter>Header Files</Filter>
    </ClInclude>
    <ClInclude Include="Subject.h">
      <Filter>Header Files</Filter>
    </ClInclude>
    <ClInclude Include="WinEvent.h">
      <Filter>Header Files</Filter>
    </ClInclude>
    <ClInclude Include="Commands.h">
      <Filter>Header Files</Filter>
    </ClInclude>
    <ClInclude Include="ObserverLevel.h">
      <Filter>Header Files</Filter>
    </ClInclude>
    <ClInclude Include="Message.h">
      <Filter>Header Files</Filter>
    </ClInclude>
    <ClInclude Include="Logger.h">
      <Filter>Header Files</Filter>
    </ClInclude>
    <ClInclude Include="CommandWin.h">
      <Filter>Header Files</Filter>
    </ClInclude>
    <ClInclude Include="CommandLose.h">
      <Filter>Header Files</Filter>
    </ClInclude>
    <ClInclude Include="CommandDamage.h">
      <Filter>Header Files</Filter>
    </ClInclude>
    <ClInclude Include="Level.h">
      <Filter>Header Files</Filter>
    </ClInclude>
    <ClInclude Include="LevelWarning.h">
      <Filter>Header Files</Filter>
    </ClInclude>
    <ClInclude Include="LevelInfo.h">
      <Filter>Header Files</Filter>
    </ClInclude>
    <ClInclude Include="LevelGame.h">
      <Filter>Header Files</Filter>
    </ClInclude>
    <ClInclude Include="MessageGame.h">
      <Filter>Header Files</Filter>
    </ClInclude>
    <ClInclude Include="MessageInfo.h">
      <Filter>Header Files</Filter>
    </ClInclude>
    <ClInclude Include="ISubject.h">
      <Filter>Header Files</Filter>
    </ClInclude>
    <ClInclude Include="MessageWarning.h">
      <Filter>Header Files</Filter>
    </ClInclude>
    <ClInclude Include="LoggerConsole.h">
      <Filter>Header Files</Filter>
    </ClInclude>
    <ClInclude Include="LoggerFile.h">
      <Filter>Header Files</Filter>
    </ClInclude>
    <ClInclude Include="CommandNoMove.h">
      <Filter>Header Files</Filter>
    </ClInclude>
    <ClInclude Include="ComandConstructor.h">
      <Filter>Header Files</Filter>
    </ClInclude>
    <ClInclude Include="CommandHeal.h">
      <Filter>Header Files</Filter>
    </ClInclude>
    <ClInclude Include="CommandGameStart.h">
      <Filter>Header Files</Filter>
    </ClInclude>
    <ClInclude Include="CommandPowerUp.h">
      <Filter>Header Files</Filter>
    </ClInclude>
    <ClInclude Include="LogMenu.h">
      <Filter>Header Files</Filter>
    </ClInclude>
    <ClInclude Include="IReader.h">
      <Filter>Header Files</Filter>
    </ClInclude>
    <ClInclude Include="KeyboardReader.h">
      <Filter>Header Files</Filter>
    </ClInclude>
    <ClInclude Include="RulePlayerSpawn.h">
      <Filter>Header Files</Filter>
    </ClInclude>
    <ClInclude Include="RuleWallsSpawn.h">
      <Filter>Header Files</Filter>
    </ClInclude>
    <ClInclude Include="RuleEnemiesSpawn.h">
      <Filter>Header Files</Filter>
    </ClInclude>
    <ClInclude Include="RuleHealSpawn.h">
      <Filter>Header Files</Filter>
    </ClInclude>
    <ClInclude Include="LevelGenerator.h">
      <Filter>Header Files</Filter>
    </ClInclude>
    <ClInclude Include="InputLevelGame.h">
      <Filter>Header Files</Filter>
    </ClInclude>
    <ClInclude Include="LevelStrategy.h">
      <Filter>Header Files</Filter>
    </ClInclude>
    <ClInclude Include="EasyLevel.h">
      <Filter>Header Files</Filter>
    </ClInclude>
    <ClInclude Include="LevelContext.h">
      <Filter>Header Files</Filter>
    </ClInclude>
    <ClInclude Include="RulePowerUpCellSpawn.h">
      <Filter>Header Files</Filter>
    </ClInclude>
    <ClInclude Include="HardLevel.h">
      <Filter>Header Files</Filter>
    </ClInclude>
    <ClInclude Include="FieldCheck.h">
      <Filter>Header Files</Filter>
    </ClInclude>
    <ClInclude Include="RuleFieldSize.h">
      <Filter>Header Files</Filter>
    </ClInclude>
    <ClInclude Include="SaveData.h">
      <Filter>Header Files</Filter>
    </ClInclude>
    <ClInclude Include="LoadData.h">
      <Filter>Header Files</Filter>
    </ClInclude>
    <ClInclude Include="WrongTransaction.h">
      <Filter>Header Files</Filter>
    </ClInclude>
    <ClInclude Include="WrongData.h">
      <Filter>Source Files\Exception</Filter>
    </ClInclude>
    <ClInclude Include="WrongWriteFile.h">
      <Filter>Source Files\Exception</Filter>
    </ClInclude>
    <ClInclude Include="WrongReadFile.h">
      <Filter>Source Files\Exception</Filter>
    </ClInclude>
  </ItemGroup>
  <ItemGroup>
    <Text Include="Controls.txt">
      <Filter>Header Files</Filter>
    </Text>
  </ItemGroup>
</Project>